
Microsoft Visual Studio Solution File, Format Version 12.00
# Visual Studio Version 17
VisualStudioVersion = 17.10.35027.167
MinimumVisualStudioVersion = 10.0.40219.1
Project("{9A19103F-16F7-4668-BE54-9A1E7A4F7556}") = "CoreApi_with_multiparameters", "TestCoreApi2\CoreApi_with_multiparameters.csproj", "{37898035-1042-4104-B572-FF6A1EB438AB}"
EndProject
Global
	GlobalSection(SolutionConfigurationPlatforms) = preSolution
		Debug|Any CPU = Debug|Any CPU
		Release|Any CPU = Release|Any CPU
	EndGlobalSection
	GlobalSection(ProjectConfigurationPlatforms) = postSolution
		{37898035-1042-4104-B572-FF6A1EB438AB}.Debug|Any CPU.ActiveCfg = Debug|Any CPU
		{37898035-1042-4104-B572-FF6A1EB438AB}.Debug|Any CPU.Build.0 = Debug|Any CPU
		{37898035-1042-4104-B572-FF6A1EB438AB}.Release|Any CPU.ActiveCfg = Release|Any CPU
		{37898035-1042-4104-B572-FF6A1EB438AB}.Release|Any CPU.Build.0 = Release|Any CPU
	EndGlobalSection
	GlobalSection(SolutionProperties) = preSolution
		HideSolutionNode = FALSE
	EndGlobalSection
	GlobalSection(ExtensibilityGlobals) = postSolution
		SolutionGuid = {7AF4B8BD-4DF2-4B81-885C-A732697BB1EF}
	EndGlobalSection
EndGlobal
